{
  "version": 4,
  "terraform_version": "1.1.7",
  "serial": 7,
  "lineage": "bbd71e77-1b10-205f-8766-d2723c131d1e",
  "outputs": {},
  "resources": [
    {
      "mode": "managed",
      "type": "azurerm_resource_group",
      "name": "rg",
      "provider": "provider[\"registry.terraform.io/hashicorp/azurerm\"]",
      "instances": [
        {
          "schema_version": 0,
          "attributes": {
            "id": "/subscriptions/616e6227-231e-44d8-a03a-8ad05cd9c701/resourceGroups/rg-eu1",
            "location": "eastus",
            "name": "rg-eu1",
            "tags": {},
            "timeouts": null
          },
          "sensitive_attributes": [],
          "private": "eyJlMmJmYjczMC1lY2FhLTExZTYtOGY4OC0zNDM2M2JjN2M0YzAiOnsiY3JlYXRlIjo1NDAwMDAwMDAwMDAwLCJkZWxldGUiOjU0MDAwMDAwMDAwMDAsInJlYWQiOjMwMDAwMDAwMDAwMCwidXBkYXRlIjo1NDAwMDAwMDAwMDAwfX0="
        }
      ]
    },
    {
      "mode": "managed",
      "type": "azurerm_storage_account",
      "name": "sa",
      "provider": "provider[\"registry.terraform.io/hashicorp/azurerm\"]",
      "instances": [
        {
          "schema_version": 3,
          "attributes": {
            "access_tier": "Hot",
            "account_kind": "StorageV2",
            "account_replication_type": "LRS",
            "account_tier": "Standard",
            "allow_nested_items_to_be_public": true,
            "azure_files_authentication": [],
            "blob_properties": [
              {
                "change_feed_enabled": false,
                "container_delete_retention_policy": [],
                "cors_rule": [],
                "default_service_version": "",
                "delete_retention_policy": [],
                "last_access_time_enabled": false,
                "versioning_enabled": false
              }
            ],
            "custom_domain": [],
            "customer_managed_key": [],
            "edge_zone": "",
            "enable_https_traffic_only": true,
            "id": "/subscriptions/616e6227-231e-44d8-a03a-8ad05cd9c701/resourceGroups/rg-eu1/providers/Microsoft.Storage/storageAccounts/saeu1iac",
            "identity": [],
            "infrastructure_encryption_enabled": false,
            "is_hns_enabled": false,
            "large_file_share_enabled": null,
            "location": "eastus",
            "min_tls_version": "TLS1_2",
            "name": "saeu1iac",
            "network_rules": [
              {
                "bypass": [
                  "AzureServices"
                ],
                "default_action": "Allow",
                "ip_rules": [],
                "private_link_access": [],
                "virtual_network_subnet_ids": []
              }
            ],
            "nfsv3_enabled": false,
            "primary_access_key": "1lOq/+KLJktgYa+GRLj//c0Es8r+Y8QnFikD/01AZeEY5GifJUEWf6GHnMs/TMoZwGOvmz87iokq+ASta0emVQ==",
            "primary_blob_connection_string": "DefaultEndpointsProtocol=https;BlobEndpoint=https://saeu1iac.blob.core.windows.net/;AccountName=saeu1iac;AccountKey=1lOq/+KLJktgYa+GRLj//c0Es8r+Y8QnFikD/01AZeEY5GifJUEWf6GHnMs/TMoZwGOvmz87iokq+ASta0emVQ==",
            "primary_blob_endpoint": "https://saeu1iac.blob.core.windows.net/",
            "primary_blob_host": "saeu1iac.blob.core.windows.net",
            "primary_connection_string": "DefaultEndpointsProtocol=https;AccountName=saeu1iac;AccountKey=1lOq/+KLJktgYa+GRLj//c0Es8r+Y8QnFikD/01AZeEY5GifJUEWf6GHnMs/TMoZwGOvmz87iokq+ASta0emVQ==;EndpointSuffix=core.windows.net",
            "primary_dfs_endpoint": "https://saeu1iac.dfs.core.windows.net/",
            "primary_dfs_host": "saeu1iac.dfs.core.windows.net",
            "primary_file_endpoint": "https://saeu1iac.file.core.windows.net/",
            "primary_file_host": "saeu1iac.file.core.windows.net",
            "primary_location": "eastus",
            "primary_queue_endpoint": "https://saeu1iac.queue.core.windows.net/",
            "primary_queue_host": "saeu1iac.queue.core.windows.net",
            "primary_table_endpoint": "https://saeu1iac.table.core.windows.net/",
            "primary_table_host": "saeu1iac.table.core.windows.net",
            "primary_web_endpoint": "https://saeu1iac.z13.web.core.windows.net/",
            "primary_web_host": "saeu1iac.z13.web.core.windows.net",
            "queue_encryption_key_type": "Service",
            "queue_properties": [
              {
                "cors_rule": [],
                "hour_metrics": [
                  {
                    "enabled": true,
                    "include_apis": true,
                    "retention_policy_days": 7,
                    "version": "1.0"
                  }
                ],
                "logging": [
                  {
                    "delete": false,
                    "read": false,
                    "retention_policy_days": 0,
                    "version": "1.0",
                    "write": false
                  }
                ],
                "minute_metrics": [
                  {
                    "enabled": false,
                    "include_apis": false,
                    "retention_policy_days": 0,
                    "version": "1.0"
                  }
                ]
              }
            ],
            "resource_group_name": "rg-eu1",
            "routing": [],
            "secondary_access_key": "Pv4MD0I4Bfy816UXo7liUUftxMe83gyVAYQIdUVjt/nJV7Ku4V+gnDprJOUap/Eb+5A5nBbQ9sfw+AStwI7Z1A==",
            "secondary_blob_connection_string": "",
            "secondary_blob_endpoint": null,
            "secondary_blob_host": null,
            "secondary_connection_string": "DefaultEndpointsProtocol=https;AccountName=saeu1iac;AccountKey=Pv4MD0I4Bfy816UXo7liUUftxMe83gyVAYQIdUVjt/nJV7Ku4V+gnDprJOUap/Eb+5A5nBbQ9sfw+AStwI7Z1A==;EndpointSuffix=core.windows.net",
            "secondary_dfs_endpoint": null,
            "secondary_dfs_host": null,
            "secondary_file_endpoint": null,
            "secondary_file_host": null,
            "secondary_location": "",
            "secondary_queue_endpoint": null,
            "secondary_queue_host": null,
            "secondary_table_endpoint": null,
            "secondary_table_host": null,
            "secondary_web_endpoint": null,
            "secondary_web_host": null,
            "share_properties": [
              {
                "cors_rule": [],
                "retention_policy": [
                  {
                    "days": 7
                  }
                ],
                "smb": []
              }
            ],
            "shared_access_key_enabled": true,
            "static_website": [],
            "table_encryption_key_type": "Service",
            "tags": null,
            "timeouts": null
          },
          "sensitive_attributes": [],
          "private": "eyJlMmJmYjczMC1lY2FhLTExZTYtOGY4OC0zNDM2M2JjN2M0YzAiOnsiY3JlYXRlIjozNjAwMDAwMDAwMDAwLCJkZWxldGUiOjM2MDAwMDAwMDAwMDAsInJlYWQiOjMwMDAwMDAwMDAwMCwidXBkYXRlIjozNjAwMDAwMDAwMDAwfSwic2NoZW1hX3ZlcnNpb24iOiIzIn0="
        }
      ]
    }
  ]
}
